
Microsoft Visual Studio Solution File, Format Version 12.00
# Visual Studio Version 17
VisualStudioVersion = 17.14.36203.30 d17.14
MinimumVisualStudioVersion = 10.0.40219.1
Project("{FAE04EC0-301F-11D3-BF4B-00C04F79EFBC}") = "com_travisback_www", "com_travisback_www\com_travisback_www.csproj", "{F377DBE3-126A-476D-9C8C-7E7A0C5C1A92}"
EndProject
Global
	GlobalSection(SolutionConfigurationPlatforms) = preSolution
		Debug|Any CPU = Debug|Any CPU
		Release|Any CPU = Release|Any CPU
	EndGlobalSection
	GlobalSection(ProjectConfigurationPlatforms) = postSolution
		{F377DBE3-126A-476D-9C8C-7E7A0C5C1A92}.Debug|Any CPU.ActiveCfg = Debug|Any CPU
		{F377DBE3-126A-476D-9C8C-7E7A0C5C1A92}.Debug|Any CPU.Build.0 = Debug|Any CPU
		{F377DBE3-126A-476D-9C8C-7E7A0C5C1A92}.Release|Any CPU.ActiveCfg = Release|Any CPU
		{F377DBE3-126A-476D-9C8C-7E7A0C5C1A92}.Release|Any CPU.Build.0 = Release|Any CPU
	EndGlobalSection
	GlobalSection(SolutionProperties) = preSolution
		HideSolutionNode = FALSE
	EndGlobalSection
	GlobalSection(ExtensibilityGlobals) = postSolution
		SolutionGuid = {EE979818-8201-4749-A86F-7FEB968F4EDB}
	EndGlobalSection
EndGlobal
